
Microsoft Visual Studio Solution File, Format Version 12.00
# Visual Studio Version 17
VisualStudioVersion = 17.11.35222.181
MinimumVisualStudioVersion = 10.0.40219.1
Project("{FAE04EC0-301F-11D3-BF4B-00C04F79EFBC}") = "Consola", "Consola.csproj", "{85B08804-95F7-4431-84BA-3B21693CE20C}"
EndProject
Project("{FAE04EC0-301F-11D3-BF4B-00C04F79EFBC}") = "Dominio", "..\Dominio\Dominio.csproj", "{E698FA11-1C04-4552-A71F-8B1E08A6E94D}"
EndProject
Global
	GlobalSection(SolutionConfigurationPlatforms) = preSolution
		Debug|Any CPU = Debug|Any CPU
		Release|Any CPU = Release|Any CPU
	EndGlobalSection
	GlobalSection(ProjectConfigurationPlatforms) = postSolution
		{85B08804-95F7-4431-84BA-3B21693CE20C}.Debug|Any CPU.ActiveCfg = Debug|Any CPU
		{85B08804-95F7-4431-84BA-3B21693CE20C}.Debug|Any CPU.Build.0 = Debug|Any CPU
		{85B08804-95F7-4431-84BA-3B21693CE20C}.Release|Any CPU.ActiveCfg = Release|Any CPU
		{85B08804-95F7-4431-84BA-3B21693CE20C}.Release|Any CPU.Build.0 = Release|Any CPU
		{E698FA11-1C04-4552-A71F-8B1E08A6E94D}.Debug|Any CPU.ActiveCfg = Debug|Any CPU
		{E698FA11-1C04-4552-A71F-8B1E08A6E94D}.Debug|Any CPU.Build.0 = Debug|Any CPU
		{E698FA11-1C04-4552-A71F-8B1E08A6E94D}.Release|Any CPU.ActiveCfg = Release|Any CPU
		{E698FA11-1C04-4552-A71F-8B1E08A6E94D}.Release|Any CPU.Build.0 = Release|Any CPU
	EndGlobalSection
	GlobalSection(SolutionProperties) = preSolution
		HideSolutionNode = FALSE
	EndGlobalSection
	GlobalSection(ExtensibilityGlobals) = postSolution
		SolutionGuid = {B7FF392A-D448-4488-9DB7-DFC3ADAFF4BF}
	EndGlobalSection
EndGlobal
