
Microsoft Visual Studio Solution File, Format Version 12.00
# Visual Studio Version 17
VisualStudioVersion = 17.11.35222.181
MinimumVisualStudioVersion = 10.0.40219.1
Project("{FAE04EC0-301F-11D3-BF4B-00C04F79EFBC}") = "Dominio", "Dominio.csproj", "{E0B21415-2733-4999-9F18-0438AB4385DD}"
EndProject
Project("{FAE04EC0-301F-11D3-BF4B-00C04F79EFBC}") = "Consola", "..\Consola\Consola.csproj", "{6E110C38-3754-465A-9A0D-5BEBD879EBFB}"
EndProject
Global
	GlobalSection(SolutionConfigurationPlatforms) = preSolution
		Debug|Any CPU = Debug|Any CPU
		Release|Any CPU = Release|Any CPU
	EndGlobalSection
	GlobalSection(ProjectConfigurationPlatforms) = postSolution
		{E0B21415-2733-4999-9F18-0438AB4385DD}.Debug|Any CPU.ActiveCfg = Debug|Any CPU
		{E0B21415-2733-4999-9F18-0438AB4385DD}.Debug|Any CPU.Build.0 = Debug|Any CPU
		{E0B21415-2733-4999-9F18-0438AB4385DD}.Release|Any CPU.ActiveCfg = Release|Any CPU
		{E0B21415-2733-4999-9F18-0438AB4385DD}.Release|Any CPU.Build.0 = Release|Any CPU
		{6E110C38-3754-465A-9A0D-5BEBD879EBFB}.Debug|Any CPU.ActiveCfg = Debug|Any CPU
		{6E110C38-3754-465A-9A0D-5BEBD879EBFB}.Debug|Any CPU.Build.0 = Debug|Any CPU
		{6E110C38-3754-465A-9A0D-5BEBD879EBFB}.Release|Any CPU.ActiveCfg = Release|Any CPU
		{6E110C38-3754-465A-9A0D-5BEBD879EBFB}.Release|Any CPU.Build.0 = Release|Any CPU
	EndGlobalSection
	GlobalSection(SolutionProperties) = preSolution
		HideSolutionNode = FALSE
	EndGlobalSection
	GlobalSection(ExtensibilityGlobals) = postSolution
		SolutionGuid = {25202396-F8EC-49D6-AB31-45B845EB629A}
	EndGlobalSection
EndGlobal
